// !$*UTF8*$!
{
	archiveVersion = 1;
	classes = {
	};
	objectVersion = 50;
	objects = {

/* Begin PBXBuildFile section */
		9190972F21C52C76008BC4EA /* SQLite.framework in Frameworks */ = {isa = PBXBuildFile; fileRef = 9190972E21C52C76008BC4EA /* SQLite.framework */; };
		9190973121C5851F008BC4EA /* Object.swift in Sources */ = {isa = PBXBuildFile; fileRef = 9190973021C5851F008BC4EA /* Object.swift */; };
		9190973321C5852E008BC4EA /* Person.swift in Sources */ = {isa = PBXBuildFile; fileRef = 9190973221C5852E008BC4EA /* Person.swift */; };
		9190973521C58538008BC4EA /* Event.swift in Sources */ = {isa = PBXBuildFile; fileRef = 9190973421C58538008BC4EA /* Event.swift */; };
		9190973721C5860E008BC4EA /* Place.swift in Sources */ = {isa = PBXBuildFile; fileRef = 9190973621C5860E008BC4EA /* Place.swift */; };
		9190973921C58626008BC4EA /* Profile.swift in Sources */ = {isa = PBXBuildFile; fileRef = 9190973821C58626008BC4EA /* Profile.swift */; };
		9190973C21C58642008BC4EA /* Tag.swift in Sources */ = {isa = PBXBuildFile; fileRef = 9190973B21C58642008BC4EA /* Tag.swift */; };
		9190973E21C5877B008BC4EA /* Book.swift in Sources */ = {isa = PBXBuildFile; fileRef = 9190973D21C5877B008BC4EA /* Book.swift */; };
		9190974821C706A8008BC4EA /* AllClassesViewController.swift in Sources */ = {isa = PBXBuildFile; fileRef = 9190974721C706A8008BC4EA /* AllClassesViewController.swift */; };
		9190974A21C706BB008BC4EA /* PersonClassesViewController.swift in Sources */ = {isa = PBXBuildFile; fileRef = 9190974921C706BB008BC4EA /* PersonClassesViewController.swift */; };
		9190974C21C810EE008BC4EA /* AddClassViewController.swift in Sources */ = {isa = PBXBuildFile; fileRef = 9190974B21C810EE008BC4EA /* AddClassViewController.swift */; };
		9190974E21C85196008BC4EA /* AddNoteViewController.swift in Sources */ = {isa = PBXBuildFile; fileRef = 9190974D21C85196008BC4EA /* AddNoteViewController.swift */; };
		9190975021C90536008BC4EA /* SecondViewController.swift in Sources */ = {isa = PBXBuildFile; fileRef = 9190974F21C90535008BC4EA /* SecondViewController.swift */; };
		91A6728721A4082500808C1A /* AppDelegate.swift in Sources */ = {isa = PBXBuildFile; fileRef = 91A6728621A4082500808C1A /* AppDelegate.swift */; };
		91A6728C21A4082500808C1A /* Main.storyboard in Resources */ = {isa = PBXBuildFile; fileRef = 91A6728A21A4082500808C1A /* Main.storyboard */; };
		91A6728E21A4082700808C1A /* Assets.xcassets in Resources */ = {isa = PBXBuildFile; fileRef = 91A6728D21A4082700808C1A /* Assets.xcassets */; };
		91A6729121A4082700808C1A /* LaunchScreen.storyboard in Resources */ = {isa = PBXBuildFile; fileRef = 91A6728F21A4082700808C1A /* LaunchScreen.storyboard */; };
		91A6729C21A4082800808C1A /* KnotedgeTests.swift in Sources */ = {isa = PBXBuildFile; fileRef = 91A6729B21A4082800808C1A /* KnotedgeTests.swift */; };
		91A672A721A4082800808C1A /* KnotedgeUITests.swift in Sources */ = {isa = PBXBuildFile; fileRef = 91A672A621A4082800808C1A /* KnotedgeUITests.swift */; };
		91EE784021C049D300646ECE /* Note.swift in Sources */ = {isa = PBXBuildFile; fileRef = 91EE783F21C049D300646ECE /* Note.swift */; };
		91F20DE221C95C4500861A5E /* ProfileViewController.swift in Sources */ = {isa = PBXBuildFile; fileRef = 91F20DE121C95C4500861A5E /* ProfileViewController.swift */; };
/* End PBXBuildFile section */

/* Begin PBXContainerItemProxy section */
		91A6729821A4082800808C1A /* PBXContainerItemProxy */ = {
			isa = PBXContainerItemProxy;
			containerPortal = 91A6727B21A4082500808C1A /* Project object */;
			proxyType = 1;
			remoteGlobalIDString = 91A6728221A4082500808C1A;
			remoteInfo = Knotedge;
		};
		91A672A321A4082800808C1A /* PBXContainerItemProxy */ = {
			isa = PBXContainerItemProxy;
			containerPortal = 91A6727B21A4082500808C1A /* Project object */;
			proxyType = 1;
			remoteGlobalIDString = 91A6728221A4082500808C1A;
			remoteInfo = Knotedge;
		};
/* End PBXContainerItemProxy section */

/* Begin PBXCopyFilesBuildPhase section */
		9190972721C51D7C008BC4EA /* Embed Frameworks */ = {
			isa = PBXCopyFilesBuildPhase;
			buildActionMask = 2147483647;
			dstPath = "";
			dstSubfolderSpec = 10;
			files = (
			);
			name = "Embed Frameworks";
			runOnlyForDeploymentPostprocessing = 0;
		};
/* End PBXCopyFilesBuildPhase section */

/* Begin PBXFileReference section */
		9190972B21C52B7D008BC4EA /* SQLite.framework.dSYM */ = {isa = PBXFileReference; lastKnownFileType = wrapper.dsym; name = SQLite.framework.dSYM; path = Carthage/Build/iOS/SQLite.framework.dSYM; sourceTree = "<group>"; };
		9190972E21C52C76008BC4EA /* SQLite.framework */ = {isa = PBXFileReference; lastKnownFileType = wrapper.framework; name = SQLite.framework; path = Carthage/Build/iOS/SQLite.framework; sourceTree = "<group>"; };
		9190973021C5851F008BC4EA /* Object.swift */ = {isa = PBXFileReference; lastKnownFileType = sourcecode.swift; path = Object.swift; sourceTree = "<group>"; };
		9190973221C5852E008BC4EA /* Person.swift */ = {isa = PBXFileReference; lastKnownFileType = sourcecode.swift; path = Person.swift; sourceTree = "<group>"; };
		9190973421C58538008BC4EA /* Event.swift */ = {isa = PBXFileReference; lastKnownFileType = sourcecode.swift; path = Event.swift; sourceTree = "<group>"; };
		9190973621C5860E008BC4EA /* Place.swift */ = {isa = PBXFileReference; lastKnownFileType = sourcecode.swift; path = Place.swift; sourceTree = "<group>"; };
		9190973821C58626008BC4EA /* Profile.swift */ = {isa = PBXFileReference; lastKnownFileType = sourcecode.swift; path = Profile.swift; sourceTree = "<group>"; };
		9190973B21C58642008BC4EA /* Tag.swift */ = {isa = PBXFileReference; lastKnownFileType = sourcecode.swift; path = Tag.swift; sourceTree = "<group>"; };
		9190973D21C5877B008BC4EA /* Book.swift */ = {isa = PBXFileReference; lastKnownFileType = sourcecode.swift; path = Book.swift; sourceTree = "<group>"; };
		9190974721C706A8008BC4EA /* AllClassesViewController.swift */ = {isa = PBXFileReference; lastKnownFileType = sourcecode.swift; path = AllClassesViewController.swift; sourceTree = "<group>"; };
		9190974921C706BB008BC4EA /* PersonClassesViewController.swift */ = {isa = PBXFileReference; lastKnownFileType = sourcecode.swift; path = PersonClassesViewController.swift; sourceTree = "<group>"; };
		9190974B21C810EE008BC4EA /* AddClassViewController.swift */ = {isa = PBXFileReference; lastKnownFileType = sourcecode.swift; path = AddClassViewController.swift; sourceTree = "<group>"; };
		9190974D21C85196008BC4EA /* AddNoteViewController.swift */ = {isa = PBXFileReference; lastKnownFileType = sourcecode.swift; path = AddNoteViewController.swift; sourceTree = "<group>"; };
		9190974F21C90535008BC4EA /* SecondViewController.swift */ = {isa = PBXFileReference; lastKnownFileType = sourcecode.swift; path = SecondViewController.swift; sourceTree = "<group>"; };
		91A6728321A4082500808C1A /* Knotedge.app */ = {isa = PBXFileReference; explicitFileType = wrapper.application; includeInIndex = 0; path = Knotedge.app; sourceTree = BUILT_PRODUCTS_DIR; };
		91A6728621A4082500808C1A /* AppDelegate.swift */ = {isa = PBXFileReference; lastKnownFileType = sourcecode.swift; path = AppDelegate.swift; sourceTree = "<group>"; };
		91A6728B21A4082500808C1A /* Base */ = {isa = PBXFileReference; lastKnownFileType = file.storyboard; name = Base; path = Base.lproj/Main.storyboard; sourceTree = "<group>"; };
		91A6728D21A4082700808C1A /* Assets.xcassets */ = {isa = PBXFileReference; lastKnownFileType = folder.assetcatalog; path = Assets.xcassets; sourceTree = "<group>"; };
		91A6729021A4082700808C1A /* Base */ = {isa = PBXFileReference; lastKnownFileType = file.storyboard; name = Base; path = Base.lproj/LaunchScreen.storyboard; sourceTree = "<group>"; };
		91A6729221A4082700808C1A /* Info.plist */ = {isa = PBXFileReference; lastKnownFileType = text.plist.xml; path = Info.plist; sourceTree = "<group>"; };
		91A6729721A4082800808C1A /* KnotedgeTests.xctest */ = {isa = PBXFileReference; explicitFileType = wrapper.cfbundle; includeInIndex = 0; path = KnotedgeTests.xctest; sourceTree = BUILT_PRODUCTS_DIR; };
		91A6729B21A4082800808C1A /* KnotedgeTests.swift */ = {isa = PBXFileReference; lastKnownFileType = sourcecode.swift; path = KnotedgeTests.swift; sourceTree = "<group>"; };
		91A6729D21A4082800808C1A /* Info.plist */ = {isa = PBXFileReference; lastKnownFileType = text.plist.xml; path = Info.plist; sourceTree = "<group>"; };
		91A672A221A4082800808C1A /* KnotedgeUITests.xctest */ = {isa = PBXFileReference; explicitFileType = wrapper.cfbundle; includeInIndex = 0; path = KnotedgeUITests.xctest; sourceTree = BUILT_PRODUCTS_DIR; };
		91A672A621A4082800808C1A /* KnotedgeUITests.swift */ = {isa = PBXFileReference; lastKnownFileType = sourcecode.swift; path = KnotedgeUITests.swift; sourceTree = "<group>"; };
		91A672A821A4082800808C1A /* Info.plist */ = {isa = PBXFileReference; lastKnownFileType = text.plist.xml; path = Info.plist; sourceTree = "<group>"; };
		91EE783F21C049D300646ECE /* Note.swift */ = {isa = PBXFileReference; lastKnownFileType = sourcecode.swift; path = Note.swift; sourceTree = "<group>"; };
		91F20DE121C95C4500861A5E /* ProfileViewController.swift */ = {isa = PBXFileReference; lastKnownFileType = sourcecode.swift; path = ProfileViewController.swift; sourceTree = "<group>"; };
/* End PBXFileReference section */

/* Begin PBXFrameworksBuildPhase section */
		91A6728021A4082500808C1A /* Frameworks */ = {
			isa = PBXFrameworksBuildPhase;
			buildActionMask = 2147483647;
			files = (
				9190972F21C52C76008BC4EA /* SQLite.framework in Frameworks */,
			);
			runOnlyForDeploymentPostprocessing = 0;
		};
		91A6729421A4082800808C1A /* Frameworks */ = {
			isa = PBXFrameworksBuildPhase;
			buildActionMask = 2147483647;
			files = (
			);
			runOnlyForDeploymentPostprocessing = 0;
		};
		91A6729F21A4082800808C1A /* Frameworks */ = {
			isa = PBXFrameworksBuildPhase;
			buildActionMask = 2147483647;
			files = (
			);
			runOnlyForDeploymentPostprocessing = 0;
		};
/* End PBXFrameworksBuildPhase section */

/* Begin PBXGroup section */
		9190972121C51D74008BC4EA /* Frameworks */ = {
			isa = PBXGroup;
			children = (
				9190972E21C52C76008BC4EA /* SQLite.framework */,
				9190972B21C52B7D008BC4EA /* SQLite.framework.dSYM */,
			);
			name = Frameworks;
			sourceTree = "<group>";
		};
		9190973A21C5862D008BC4EA /* entity */ = {
			isa = PBXGroup;
			children = (
				9190973821C58626008BC4EA /* Profile.swift */,
				9190973021C5851F008BC4EA /* Object.swift */,
				9190973221C5852E008BC4EA /* Person.swift */,
				9190973421C58538008BC4EA /* Event.swift */,
				9190973621C5860E008BC4EA /* Place.swift */,
				9190973D21C5877B008BC4EA /* Book.swift */,
				91EE783F21C049D300646ECE /* Note.swift */,
				9190973B21C58642008BC4EA /* Tag.swift */,
			);
			path = entity;
			sourceTree = "<group>";
		};
		91A6727A21A4082500808C1A = {
			isa = PBXGroup;
			children = (
				91A6728521A4082500808C1A /* Knotedge */,
				91A6729A21A4082800808C1A /* KnotedgeTests */,
				91A672A521A4082800808C1A /* KnotedgeUITests */,
				91A6728421A4082500808C1A /* Products */,
				9190972121C51D74008BC4EA /* Frameworks */,
			);
			sourceTree = "<group>";
		};
		91A6728421A4082500808C1A /* Products */ = {
			isa = PBXGroup;
			children = (
				91A6728321A4082500808C1A /* Knotedge.app */,
				91A6729721A4082800808C1A /* KnotedgeTests.xctest */,
				91A672A221A4082800808C1A /* KnotedgeUITests.xctest */,
			);
			name = Products;
			sourceTree = "<group>";
		};
		91A6728521A4082500808C1A /* Knotedge */ = {
			isa = PBXGroup;
			children = (
				9190973A21C5862D008BC4EA /* entity */,
				91A6728621A4082500808C1A /* AppDelegate.swift */,
				91A6728A21A4082500808C1A /* Main.storyboard */,
				91A6728D21A4082700808C1A /* Assets.xcassets */,
				91A6728F21A4082700808C1A /* LaunchScreen.storyboard */,
				91A6729221A4082700808C1A /* Info.plist */,
				9190974721C706A8008BC4EA /* AllClassesViewController.swift */,
				9190974921C706BB008BC4EA /* PersonClassesViewController.swift */,
				9190974B21C810EE008BC4EA /* AddClassViewController.swift */,
				9190974D21C85196008BC4EA /* AddNoteViewController.swift */,
				9190974F21C90535008BC4EA /* SecondViewController.swift */,
				91F20DE121C95C4500861A5E /* ProfileViewController.swift */,
			);
			path = Knotedge;
			sourceTree = "<group>";
		};
		91A6729A21A4082800808C1A /* KnotedgeTests */ = {
			isa = PBXGroup;
			children = (
				91A6729B21A4082800808C1A /* KnotedgeTests.swift */,
				91A6729D21A4082800808C1A /* Info.plist */,
			);
			path = KnotedgeTests;
			sourceTree = "<group>";
		};
		91A672A521A4082800808C1A /* KnotedgeUITests */ = {
			isa = PBXGroup;
			children = (
				91A672A621A4082800808C1A /* KnotedgeUITests.swift */,
				91A672A821A4082800808C1A /* Info.plist */,
			);
			path = KnotedgeUITests;
			sourceTree = "<group>";
		};
/* End PBXGroup section */

/* Begin PBXNativeTarget section */
		91A6728221A4082500808C1A /* Knotedge */ = {
			isa = PBXNativeTarget;
			buildConfigurationList = 91A672AB21A4082800808C1A /* Build configuration list for PBXNativeTarget "Knotedge" */;
			buildPhases = (
				91A6727F21A4082500808C1A /* Sources */,
				91A6728021A4082500808C1A /* Frameworks */,
				91A6728121A4082500808C1A /* Resources */,
				9190972721C51D7C008BC4EA /* Embed Frameworks */,
				9190972D21C52BA6008BC4EA /* ShellScript */,
			);
			buildRules = (
			);
			dependencies = (
			);
			name = Knotedge;
			productName = Knotedge;
			productReference = 91A6728321A4082500808C1A /* Knotedge.app */;
			productType = "com.apple.product-type.application";
		};
		91A6729621A4082800808C1A /* KnotedgeTests */ = {
			isa = PBXNativeTarget;
			buildConfigurationList = 91A672AE21A4082800808C1A /* Build configuration list for PBXNativeTarget "KnotedgeTests" */;
			buildPhases = (
				91A6729321A4082800808C1A /* Sources */,
				91A6729421A4082800808C1A /* Frameworks */,
				91A6729521A4082800808C1A /* Resources */,
			);
			buildRules = (
			);
			dependencies = (
				91A6729921A4082800808C1A /* PBXTargetDependency */,
			);
			name = KnotedgeTests;
			productName = KnotedgeTests;
			productReference = 91A6729721A4082800808C1A /* KnotedgeTests.xctest */;
			productType = "com.apple.product-type.bundle.unit-test";
		};
		91A672A121A4082800808C1A /* KnotedgeUITests */ = {
			isa = PBXNativeTarget;
			buildConfigurationList = 91A672B121A4082800808C1A /* Build configuration list for PBXNativeTarget "KnotedgeUITests" */;
			buildPhases = (
				91A6729E21A4082800808C1A /* Sources */,
				91A6729F21A4082800808C1A /* Frameworks */,
				91A672A021A4082800808C1A /* Resources */,
			);
			buildRules = (
			);
			dependencies = (
				91A672A421A4082800808C1A /* PBXTargetDependency */,
			);
			name = KnotedgeUITests;
			productName = KnotedgeUITests;
			productReference = 91A672A221A4082800808C1A /* KnotedgeUITests.xctest */;
			productType = "com.apple.product-type.bundle.ui-testing";
		};
/* End PBXNativeTarget section */

/* Begin PBXProject section */
		91A6727B21A4082500808C1A /* Project object */ = {
			isa = PBXProject;
			attributes = {
				LastSwiftUpdateCheck = 1010;
				LastUpgradeCheck = 1010;
				ORGANIZATIONNAME = if26;
				TargetAttributes = {
					91A6728221A4082500808C1A = {
						CreatedOnToolsVersion = 10.1;
					};
					91A6729621A4082800808C1A = {
						CreatedOnToolsVersion = 10.1;
						TestTargetID = 91A6728221A4082500808C1A;
					};
					91A672A121A4082800808C1A = {
						CreatedOnToolsVersion = 10.1;
						TestTargetID = 91A6728221A4082500808C1A;
					};
				};
			};
			buildConfigurationList = 91A6727E21A4082500808C1A /* Build configuration list for PBXProject "Knotedge" */;
			compatibilityVersion = "Xcode 9.3";
			developmentRegion = en;
			hasScannedForEncodings = 0;
			knownRegions = (
				en,
				Base,
			);
			mainGroup = 91A6727A21A4082500808C1A;
			productRefGroup = 91A6728421A4082500808C1A /* Products */;
			projectDirPath = "";
			projectRoot = "";
			targets = (
				91A6728221A4082500808C1A /* Knotedge */,
				91A6729621A4082800808C1A /* KnotedgeTests */,
				91A672A121A4082800808C1A /* KnotedgeUITests */,
			);
		};
/* End PBXProject section */

/* Begin PBXResourcesBuildPhase section */
		91A6728121A4082500808C1A /* Resources */ = {
			isa = PBXResourcesBuildPhase;
			buildActionMask = 2147483647;
			files = (
				91A6729121A4082700808C1A /* LaunchScreen.storyboard in Resources */,
				91A6728E21A4082700808C1A /* Assets.xcassets in Resources */,
				91A6728C21A4082500808C1A /* Main.storyboard in Resources */,
			);
			runOnlyForDeploymentPostprocessing = 0;
		};
		91A6729521A4082800808C1A /* Resources */ = {
			isa = PBXResourcesBuildPhase;
			buildActionMask = 2147483647;
			files = (
			);
			runOnlyForDeploymentPostprocessing = 0;
		};
		91A672A021A4082800808C1A /* Resources */ = {
			isa = PBXResourcesBuildPhase;
			buildActionMask = 2147483647;
			files = (
			);
			runOnlyForDeploymentPostprocessing = 0;
		};
/* End PBXResourcesBuildPhase section */

/* Begin PBXShellScriptBuildPhase section */
		9190972D21C52BA6008BC4EA /* ShellScript */ = {
			isa = PBXShellScriptBuildPhase;
			buildActionMask = 2147483647;
			files = (
			);
			inputFileListPaths = (
			);
			inputPaths = (
				"$(SRCROOT)/Carthage/Build/iOS/SQLite.framework",
			);
			outputFileListPaths = (
			);
			outputPaths = (
			);
			runOnlyForDeploymentPostprocessing = 0;
			shellPath = /bin/sh;
			shellScript = "/usr/local/bin/Carthage copy-frameworks\n";
		};
/* End PBXShellScriptBuildPhase section */

/* Begin PBXSourcesBuildPhase section */
		91A6727F21A4082500808C1A /* Sources */ = {
			isa = PBXSourcesBuildPhase;
			buildActionMask = 2147483647;
			files = (
				9190975021C90536008BC4EA /* SecondViewController.swift in Sources */,
				9190973321C5852E008BC4EA /* Person.swift in Sources */,
				9190973921C58626008BC4EA /* Profile.swift in Sources */,
				91A6728721A4082500808C1A /* AppDelegate.swift in Sources */,
				91F20DE221C95C4500861A5E /* ProfileViewController.swift in Sources */,
				9190973121C5851F008BC4EA /* Object.swift in Sources */,
				9190973521C58538008BC4EA /* Event.swift in Sources */,
				9190974821C706A8008BC4EA /* AllClassesViewController.swift in Sources */,
				9190974E21C85196008BC4EA /* AddNoteViewController.swift in Sources */,
				9190973C21C58642008BC4EA /* Tag.swift in Sources */,
				9190973721C5860E008BC4EA /* Place.swift in Sources */,
				9190973E21C5877B008BC4EA /* Book.swift in Sources */,
				9190974A21C706BB008BC4EA /* PersonClassesViewController.swift in Sources */,
				9190974C21C810EE008BC4EA /* AddClassViewController.swift in Sources */,
				91EE784021C049D300646ECE /* Note.swift in Sources */,
			);
			runOnlyForDeploymentPostprocessing = 0;
		};
		91A6729321A4082800808C1A /* Sources */ = {
			isa = PBXSourcesBuildPhase;
			buildActionMask = 2147483647;
			files = (
				91A6729C21A4082800808C1A /* KnotedgeTests.swift in Sources */,
			);
			runOnlyForDeploymentPostprocessing = 0;
		};
		91A6729E21A4082800808C1A /* Sources */ = {
			isa = PBXSourcesBuildPhase;
			buildActionMask = 2147483647;
			files = (
				91A672A721A4082800808C1A /* KnotedgeUITests.swift in Sources */,
			);
			runOnlyForDeploymentPostprocessing = 0;
		};
/* End PBXSourcesBuildPhase section */

/* Begin PBXTargetDependency section */
		91A6729921A4082800808C1A /* PBXTargetDependency */ = {
			isa = PBXTargetDependency;
			target = 91A6728221A4082500808C1A /* Knotedge */;
			targetProxy = 91A6729821A4082800808C1A /* PBXContainerItemProxy */;
		};
		91A672A421A4082800808C1A /* PBXTargetDependency */ = {
			isa = PBXTargetDependency;
			target = 91A6728221A4082500808C1A /* Knotedge */;
			targetProxy = 91A672A321A4082800808C1A /* PBXContainerItemProxy */;
		};
/* End PBXTargetDependency section */

/* Begin PBXVariantGroup section */
		91A6728A21A4082500808C1A /* Main.storyboard */ = {
			isa = PBXVariantGroup;
			children = (
				91A6728B21A4082500808C1A /* Base */,
			);
			name = Main.storyboard;
			sourceTree = "<group>";
		};
		91A6728F21A4082700808C1A /* LaunchScreen.storyboard */ = {
			isa = PBXVariantGroup;
			children = (
				91A6729021A4082700808C1A /* Base */,
			);
			name = LaunchScreen.storyboard;
			sourceTree = "<group>";
		};
/* End PBXVariantGroup section */

/* Begin XCBuildConfiguration section */
		91A672A921A4082800808C1A /* Debug */ = {
			isa = XCBuildConfiguration;
			buildSettings = {
				ALWAYS_SEARCH_USER_PATHS = NO;
				CLANG_ANALYZER_NONNULL = YES;
				CLANG_ANALYZER_NUMBER_OBJECT_CONVERSION = YES_AGGRESSIVE;
				CLANG_CXX_LANGUAGE_STANDARD = "gnu++14";
				CLANG_CXX_LIBRARY = "libc++";
				CLANG_ENABLE_MODULES = YES;
				CLANG_ENABLE_OBJC_ARC = YES;
				CLANG_ENABLE_OBJC_WEAK = YES;
				CLANG_WARN_BLOCK_CAPTURE_AUTORELEASING = YES;
				CLANG_WARN_BOOL_CONVERSION = YES;
				CLANG_WARN_COMMA = YES;
				CLANG_WARN_CONSTANT_CONVERSION = YES;
				CLANG_WARN_DEPRECATED_OBJC_IMPLEMENTATIONS = YES;
				CLANG_WARN_DIRECT_OBJC_ISA_USAGE = YES_ERROR;
				CLANG_WARN_DOCUMENTATION_COMMENTS = YES;
				CLANG_WARN_EMPTY_BODY = YES;
				CLANG_WARN_ENUM_CONVERSION = YES;
				CLANG_WARN_INFINITE_RECURSION = YES;
				CLANG_WARN_INT_CONVERSION = YES;
				CLANG_WARN_NON_LITERAL_NULL_CONVERSION = YES;
				CLANG_WARN_OBJC_IMPLICIT_RETAIN_SELF = YES;
				CLANG_WARN_OBJC_LITERAL_CONVERSION = YES;
				CLANG_WARN_OBJC_ROOT_CLASS = YES_ERROR;
				CLANG_WARN_RANGE_LOOP_ANALYSIS = YES;
				CLANG_WARN_STRICT_PROTOTYPES = YES;
				CLANG_WARN_SUSPICIOUS_MOVE = YES;
				CLANG_WARN_UNGUARDED_AVAILABILITY = YES_AGGRESSIVE;
				CLANG_WARN_UNREACHABLE_CODE = YES;
				CLANG_WARN__DUPLICATE_METHOD_MATCH = YES;
				CODE_SIGN_IDENTITY = "iPhone Developer";
				COPY_PHASE_STRIP = NO;
				DEBUG_INFORMATION_FORMAT = dwarf;
				ENABLE_STRICT_OBJC_MSGSEND = YES;
				ENABLE_TESTABILITY = YES;
				GCC_C_LANGUAGE_STANDARD = gnu11;
				GCC_DYNAMIC_NO_PIC = NO;
				GCC_NO_COMMON_BLOCKS = YES;
				GCC_OPTIMIZATION_LEVEL = 0;
				GCC_PREPROCESSOR_DEFINITIONS = (
					"DEBUG=1",
					"$(inherited)",
				);
				GCC_WARN_64_TO_32_BIT_CONVERSION = YES;
				GCC_WARN_ABOUT_RETURN_TYPE = YES_ERROR;
				GCC_WARN_UNDECLARED_SELECTOR = YES;
				GCC_WARN_UNINITIALIZED_AUTOS = YES_AGGRESSIVE;
				GCC_WARN_UNUSED_FUNCTION = YES;
				GCC_WARN_UNUSED_VARIABLE = YES;
				IPHONEOS_DEPLOYMENT_TARGET = 12.1;
				MTL_ENABLE_DEBUG_INFO = INCLUDE_SOURCE;
				MTL_FAST_MATH = YES;
				ONLY_ACTIVE_ARCH = YES;
				SDKROOT = iphoneos;
				SWIFT_ACTIVE_COMPILATION_CONDITIONS = DEBUG;
				SWIFT_OPTIMIZATION_LEVEL = "-Onone";
			};
			name = Debug;
		};
		91A672AA21A4082800808C1A /* Release */ = {
			isa = XCBuildConfiguration;
			buildSettings = {
				ALWAYS_SEARCH_USER_PATHS = NO;
				CLANG_ANALYZER_NONNULL = YES;
				CLANG_ANALYZER_NUMBER_OBJECT_CONVERSION = YES_AGGRESSIVE;
				CLANG_CXX_LANGUAGE_STANDARD = "gnu++14";
				CLANG_CXX_LIBRARY = "libc++";
				CLANG_ENABLE_MODULES = YES;
				CLANG_ENABLE_OBJC_ARC = YES;
				CLANG_ENABLE_OBJC_WEAK = YES;
				CLANG_WARN_BLOCK_CAPTURE_AUTORELEASING = YES;
				CLANG_WARN_BOOL_CONVERSION = YES;
				CLANG_WARN_COMMA = YES;
				CLANG_WARN_CONSTANT_CONVERSION = YES;
				CLANG_WARN_DEPRECATED_OBJC_IMPLEMENTATIONS = YES;
				CLANG_WARN_DIRECT_OBJC_ISA_USAGE = YES_ERROR;
				CLANG_WARN_DOCUMENTATION_COMMENTS = YES;
				CLANG_WARN_EMPTY_BODY = YES;
				CLANG_WARN_ENUM_CONVERSION = YES;
				CLANG_WARN_INFINITE_RECURSION = YES;
				CLANG_WARN_INT_CONVERSION = YES;
				CLANG_WARN_NON_LITERAL_NULL_CONVERSION = YES;
				CLANG_WARN_OBJC_IMPLICIT_RETAIN_SELF = YES;
				CLANG_WARN_OBJC_LITERAL_CONVERSION = YES;
				CLANG_WARN_OBJC_ROOT_CLASS = YES_ERROR;
				CLANG_WARN_RANGE_LOOP_ANALYSIS = YES;
				CLANG_WARN_STRICT_PROTOTYPES = YES;
				CLANG_WARN_SUSPICIOUS_MOVE = YES;
				CLANG_WARN_UNGUARDED_AVAILABILITY = YES_AGGRESSIVE;
				CLANG_WARN_UNREACHABLE_CODE = YES;
				CLANG_WARN__DUPLICATE_METHOD_MATCH = YES;
				CODE_SIGN_IDENTITY = "iPhone Developer";
				COPY_PHASE_STRIP = NO;
				DEBUG_INFORMATION_FORMAT = "dwarf-with-dsym";
				ENABLE_NS_ASSERTIONS = NO;
				ENABLE_STRICT_OBJC_MSGSEND = YES;
				GCC_C_LANGUAGE_STANDARD = gnu11;
				GCC_NO_COMMON_BLOCKS = YES;
				GCC_WARN_64_TO_32_BIT_CONVERSION = YES;
				GCC_WARN_ABOUT_RETURN_TYPE = YES_ERROR;
				GCC_WARN_UNDECLARED_SELECTOR = YES;
				GCC_WARN_UNINITIALIZED_AUTOS = YES_AGGRESSIVE;
				GCC_WARN_UNUSED_FUNCTION = YES;
				GCC_WARN_UNUSED_VARIABLE = YES;
				IPHONEOS_DEPLOYMENT_TARGET = 12.1;
				MTL_ENABLE_DEBUG_INFO = NO;
				MTL_FAST_MATH = YES;
				SDKROOT = iphoneos;
				SWIFT_COMPILATION_MODE = wholemodule;
				SWIFT_OPTIMIZATION_LEVEL = "-O";
				VALIDATE_PRODUCT = YES;
			};
			name = Release;
		};
		91A672AC21A4082800808C1A /* Debug */ = {
			isa = XCBuildConfiguration;
			buildSettings = {
				ALWAYS_EMBED_SWIFT_STANDARD_LIBRARIES = YES;
				ASSETCATALOG_COMPILER_APPICON_NAME = AppIcon;
				CODE_SIGN_STYLE = Automatic;
				DEVELOPMENT_TEAM = 725MV93725;
				FRAMEWORK_SEARCH_PATHS = (
					"$(inherited)",
					"$(PROJECT_DIR)/Carthage/Build/iOS",
				);
				INFOPLIST_FILE = Knotedge/Info.plist;
				IPHONEOS_DEPLOYMENT_TARGET = 11.0;
				LD_RUNPATH_SEARCH_PATHS = (
					"$(inherited)",
					"@executable_path/Frameworks",
				);
				PRODUCT_BUNDLE_IDENTIFIER = if26.utt.fr.Knotedge;
				PRODUCT_NAME = "$(TARGET_NAME)";
				SWIFT_VERSION = 4.2;
				TARGETED_DEVICE_FAMILY = "1,2";
			};
			name = Debug;
		};
		91A672AD21A4082800808C1A /* Release */ = {
			isa = XCBuildConfiguration;
			buildSettings = {
				ALWAYS_EMBED_SWIFT_STANDARD_LIBRARIES = YES;
				ASSETCATALOG_COMPILER_APPICON_NAME = AppIcon;
				CODE_SIGN_STYLE = Automatic;
				DEVELOPMENT_TEAM = 725MV93725;
				FRAMEWORK_SEARCH_PATHS = (
					"$(inherited)",
					"$(PROJECT_DIR)/Carthage/Build/iOS",
				);
				INFOPLIST_FILE = Knotedge/Info.plist;
				IPHONEOS_DEPLOYMENT_TARGET = 11.0;
				LD_RUNPATH_SEARCH_PATHS = (
					"$(inherited)",
					"@executable_path/Frameworks",
				);
				PRODUCT_BUNDLE_IDENTIFIER = if26.utt.fr.Knotedge;
				PRODUCT_NAME = "$(TARGET_NAME)";
				SWIFT_VERSION = 4.2;
				TARGETED_DEVICE_FAMILY = "1,2";
			};
			name = Release;
		};
		91A672AF21A4082800808C1A /* Debug */ = {
			isa = XCBuildConfiguration;
			buildSettings = {
				ALWAYS_EMBED_SWIFT_STANDARD_LIBRARIES = YES;
				BUNDLE_LOADER = "$(TEST_HOST)";
				CODE_SIGN_STYLE = Automatic;
				INFOPLIST_FILE = KnotedgeTests/Info.plist;
				LD_RUNPATH_SEARCH_PATHS = (
					"$(inherited)",
					"@executable_path/Frameworks",
					"@loader_path/Frameworks",
				);
				PRODUCT_BUNDLE_IDENTIFIER = if26.utt.fr.KnotedgeTests;
				PRODUCT_NAME = "$(TARGET_NAME)";
				SWIFT_VERSION = 4.2;
				TARGETED_DEVICE_FAMILY = "1,2";
				TEST_HOST = "$(BUILT_PRODUCTS_DIR)/Knotedge.app/Knotedge";
			};
			name = Debug;
		};
		91A672B021A4082800808C1A /* Release */ = {
			isa = XCBuildConfiguration;
			buildSettings = {
				ALWAYS_EMBED_SWIFT_STANDARD_LIBRARIES = YES;
				BUNDLE_LOADER = "$(TEST_HOST)";
				CODE_SIGN_STYLE = Automatic;
				INFOPLIST_FILE = KnotedgeTests/Info.plist;
				LD_RUNPATH_SEARCH_PATHS = (
					"$(inherited)",
					"@executable_path/Frameworks",
					"@loader_path/Frameworks",
				);
				PRODUCT_BUNDLE_IDENTIFIER = if26.utt.fr.KnotedgeTests;
				PRODUCT_NAME = "$(TARGET_NAME)";
				SWIFT_VERSION = 4.2;
				TARGETED_DEVICE_FAMILY = "1,2";
				TEST_HOST = "$(BUILT_PRODUCTS_DIR)/Knotedge.app/Knotedge";
			};
			name = Release;
		};
		91A672B221A4082800808C1A /* Debug */ = {
			isa = XCBuildConfiguration;
			buildSettings = {
				ALWAYS_EMBED_SWIFT_STANDARD_LIBRARIES = YES;
				CODE_SIGN_STYLE = Automatic;
				INFOPLIST_FILE = KnotedgeUITests/Info.plist;
				LD_RUNPATH_SEARCH_PATHS = (
					"$(inherited)",
					"@executable_path/Frameworks",
					"@loader_path/Frameworks",
				);
				PRODUCT_BUNDLE_IDENTIFIER = if26.utt.fr.KnotedgeUITests;
				PRODUCT_NAME = "$(TARGET_NAME)";
				SWIFT_VERSION = 4.2;
				TARGETED_DEVICE_FAMILY = "1,2";
				TEST_TARGET_NAME = Knotedge;
			};
			name = Debug;
		};
		91A672B321A4082800808C1A /* Release */ = {
			isa = XCBuildConfiguration;
			buildSettings = {
				ALWAYS_EMBED_SWIFT_STANDARD_LIBRARIES = YES;
				CODE_SIGN_STYLE = Automatic;
				INFOPLIST_FILE = KnotedgeUITests/Info.plist;
				LD_RUNPATH_SEARCH_PATHS = (
					"$(inherited)",
					"@executable_path/Frameworks",
					"@loader_path/Frameworks",
				);
				PRODUCT_BUNDLE_IDENTIFIER = if26.utt.fr.KnotedgeUITests;
				PRODUCT_NAME = "$(TARGET_NAME)";
				SWIFT_VERSION = 4.2;
				TARGETED_DEVICE_FAMILY = "1,2";
				TEST_TARGET_NAME = Knotedge;
			};
			name = Release;
		};
/* End XCBuildConfiguration section */

/* Begin XCConfigurationList section */
		91A6727E21A4082500808C1A /* Build configuration list for PBXProject "Knotedge" */ = {
			isa = XCConfigurationList;
			buildConfigurations = (
				91A672A921A4082800808C1A /* Debug */,
				91A672AA21A4082800808C1A /* Release */,
			);
			defaultConfigurationIsVisible = 0;
			defaultConfigurationName = Release;
		};
		91A672AB21A4082800808C1A /* Build configuration list for PBXNativeTarget "Knotedge" */ = {
			isa = XCConfigurationList;
			buildConfigurations = (
				91A672AC21A4082800808C1A /* Debug */,
				91A672AD21A4082800808C1A /* Release */,
			);
			defaultConfigurationIsVisible = 0;
			defaultConfigurationName = Release;
		};
		91A672AE21A4082800808C1A /* Build configuration list for PBXNativeTarget "KnotedgeTests" */ = {
			isa = XCConfigurationList;
			buildConfigurations = (
				91A672AF21A4082800808C1A /* Debug */,
				91A672B021A4082800808C1A /* Release */,
			);
			defaultConfigurationIsVisible = 0;
			defaultConfigurationName = Release;
		};
		91A672B121A4082800808C1A /* Build configuration list for PBXNativeTarget "KnotedgeUITests" */ = {
			isa = XCConfigurationList;
			buildConfigurations = (
				91A672B221A4082800808C1A /* Debug */,
				91A672B321A4082800808C1A /* Release */,
			);
			defaultConfigurationIsVisible = 0;
			defaultConfigurationName = Release;
		};
/* End XCConfigurationList section */
	};
	rootObject = 91A6727B21A4082500808C1A /* Project object */;
}
